
Microsoft Visual Studio Solution File, Format Version 12.00
# Visual Studio 15
VisualStudioVersion = 15.0.28307.438
MinimumVisualStudioVersion = 10.0.40219.1
Project("{FAE04EC0-301F-11D3-BF4B-00C04F79EFBC}") = "ZangClassLaibrarayNuget", "ZangClassLaibrarayNuget\ZangClassLaibrarayNuget.csproj", "{C07A9312-835A-42DE-B3BF-F5384F1CF084}"
EndProject
Global
	GlobalSection(SolutionConfigurationPlatforms) = preSolution
		Debug|Any CPU = Debug|Any CPU
		Release|Any CPU = Release|Any CPU
	EndGlobalSection
	GlobalSection(ProjectConfigurationPlatforms) = postSolution
		{C07A9312-835A-42DE-B3BF-F5384F1CF084}.Debug|Any CPU.ActiveCfg = Debug|Any CPU
		{C07A9312-835A-42DE-B3BF-F5384F1CF084}.Debug|Any CPU.Build.0 = Debug|Any CPU
		{C07A9312-835A-42DE-B3BF-F5384F1CF084}.Release|Any CPU.ActiveCfg = Release|Any CPU
		{C07A9312-835A-42DE-B3BF-F5384F1CF084}.Release|Any CPU.Build.0 = Release|Any CPU
	EndGlobalSection
	GlobalSection(SolutionProperties) = preSolution
		HideSolutionNode = FALSE
	EndGlobalSection
	GlobalSection(ExtensibilityGlobals) = postSolution
		SolutionGuid = {B6CE9075-3F59-4287-97B4-6DB984277168}
	EndGlobalSection
EndGlobal
